// !$*UTF8*$!
{
	archiveVersion = 1;
	classes = {
	};
	objectVersion = 50;
	objects = {

/* Begin PBXBuildFile section */
		770767992A3711A20046FDFF /* AppDelegate.swift in Sources */ = {isa = PBXBuildFile; fileRef = 770767982A3711A20046FDFF /* AppDelegate.swift */; };
		7707679B2A3711A20046FDFF /* SceneDelegate.swift in Sources */ = {isa = PBXBuildFile; fileRef = 7707679A2A3711A20046FDFF /* SceneDelegate.swift */; };
		7707679D2A3711A20046FDFF /* ContentView.swift in Sources */ = {isa = PBXBuildFile; fileRef = 7707679C2A3711A20046FDFF /* ContentView.swift */; };
		7707679F2A3711A40046FDFF /* Assets.xcassets in Resources */ = {isa = PBXBuildFile; fileRef = 7707679E2A3711A40046FDFF /* Assets.xcassets */; };
		770767A22A3711A40046FDFF /* Preview Assets.xcassets in Resources */ = {isa = PBXBuildFile; fileRef = 770767A12A3711A40046FDFF /* Preview Assets.xcassets */; };
		770767A52A3711A40046FDFF /* LaunchScreen.storyboard in Resources */ = {isa = PBXBuildFile; fileRef = 770767A32A3711A40046FDFF /* LaunchScreen.storyboard */; };
/* End PBXBuildFile section */

/* Begin PBXFileReference section */
		770767952A3711A20046FDFF /* land_marks.app */ = {isa = PBXFileReference; explicitFileType = wrapper.application; includeInIndex = 0; path = land_marks.app; sourceTree = BUILT_PRODUCTS_DIR; };
		770767982A3711A20046FDFF /* AppDelegate.swift */ = {isa = PBXFileReference; lastKnownFileType = sourcecode.swift; path = AppDelegate.swift; sourceTree = "<group>"; };
		7707679A2A3711A20046FDFF /* SceneDelegate.swift */ = {isa = PBXFileReference; lastKnownFileType = sourcecode.swift; path = SceneDelegate.swift; sourceTree = "<group>"; };
		7707679C2A3711A20046FDFF /* ContentView.swift */ = {isa = PBXFileReference; lastKnownFileType = sourcecode.swift; path = ContentView.swift; sourceTree = "<group>"; };
		7707679E2A3711A40046FDFF /* Assets.xcassets */ = {isa = PBXFileReference; lastKnownFileType = folder.assetcatalog; path = Assets.xcassets; sourceTree = "<group>"; };
		770767A12A3711A40046FDFF /* Preview Assets.xcassets */ = {isa = PBXFileReference; lastKnownFileType = folder.assetcatalog; path = "Preview Assets.xcassets"; sourceTree = "<group>"; };
		770767A42A3711A40046FDFF /* Base */ = {isa = PBXFileReference; lastKnownFileType = file.storyboard; name = Base; path = Base.lproj/LaunchScreen.storyboard; sourceTree = "<group>"; };
		770767A62A3711A40046FDFF /* Info.plist */ = {isa = PBXFileReference; lastKnownFileType = text.plist.xml; path = Info.plist; sourceTree = "<group>"; };
/* End PBXFileReference section */

/* Begin PBXFrameworksBuildPhase section */
		770767922A3711A20046FDFF /* Frameworks */ = {
			isa = PBXFrameworksBuildPhase;
			buildActionMask = 2147483647;
			files = (
			);
			runOnlyForDeploymentPostprocessing = 0;
		};
/* End PBXFrameworksBuildPhase section */

/* Begin PBXGroup section */
		7707678C2A3711A20046FDFF = {
			isa = PBXGroup;
			children = (
				770767972A3711A20046FDFF /* land_marks */,
				770767962A3711A20046FDFF /* Products */,
			);
			sourceTree = "<group>";
		};
		770767962A3711A20046FDFF /* Products */ = {
			isa = PBXGroup;
			children = (
				770767952A3711A20046FDFF /* land_marks.app */,
			);
			name = Products;
			sourceTree = "<group>";
		};
		770767972A3711A20046FDFF /* land_marks */ = {
			isa = PBXGroup;
			children = (
				770767982A3711A20046FDFF /* AppDelegate.swift */,
				7707679A2A3711A20046FDFF /* SceneDelegate.swift */,
				7707679C2A3711A20046FDFF /* ContentView.swift */,
				7707679E2A3711A40046FDFF /* Assets.xcassets */,
				770767A32A3711A40046FDFF /* LaunchScreen.storyboard */,
				770767A62A3711A40046FDFF /* Info.plist */,
				770767A02A3711A40046FDFF /* Preview Content */,
			);
			path = land_marks;
			sourceTree = "<group>";
		};
		770767A02A3711A40046FDFF /* Preview Content */ = {
			isa = PBXGroup;
			children = (
				770767A12A3711A40046FDFF /* Preview Assets.xcassets */,
			);
			path = "Preview Content";
			sourceTree = "<group>";
		};
/* End PBXGroup section */

/* Begin PBXNativeTarget section */
		770767942A3711A20046FDFF /* land_marks */ = {
			isa = PBXNativeTarget;
			buildConfigurationList = 770767A92A3711A40046FDFF /* Build configuration list for PBXNativeTarget "land_marks" */;
			buildPhases = (
				770767912A3711A20046FDFF /* Sources */,
				770767922A3711A20046FDFF /* Frameworks */,
				770767932A3711A20046FDFF /* Resources */,
			);
			buildRules = (
			);
			dependencies = (
			);
			name = land_marks;
			productName = land_marks;
			productReference = 770767952A3711A20046FDFF /* land_marks.app */;
			productType = "com.apple.product-type.application";
		};
/* End PBXNativeTarget section */

/* Begin PBXProject section */
		7707678D2A3711A20046FDFF /* Project object */ = {
			isa = PBXProject;
			attributes = {
				LastSwiftUpdateCheck = 1100;
				LastUpgradeCheck = 1100;
				ORGANIZATIONNAME = "Kara Zu.  L.";
				TargetAttributes = {
					770767942A3711A20046FDFF = {
						CreatedOnToolsVersion = 11.0;
					};
				};
			};
			buildConfigurationList = 770767902A3711A20046FDFF /* Build configuration list for PBXProject "land_marks" */;
			compatibilityVersion = "Xcode 9.3";
			developmentRegion = en;
			hasScannedForEncodings = 0;
			knownRegions = (
				en,
				Base,
			);
			mainGroup = 7707678C2A3711A20046FDFF;
			productRefGroup = 770767962A3711A20046FDFF /* Products */;
			projectDirPath = "";
			projectRoot = "";
			targets = (
				770767942A3711A20046FDFF /* land_marks */,
			);
		};
/* End PBXProject section */

/* Begin PBXResourcesBuildPhase section */
		770767932A3711A20046FDFF /* Resources */ = {
			isa = PBXResourcesBuildPhase;
			buildActionMask = 2147483647;
			files = (
				770767A52A3711A40046FDFF /* LaunchScreen.storyboard in Resources */,
				770767A22A3711A40046FDFF /* Preview Assets.xcassets in Resources */,
				7707679F2A3711A40046FDFF /* Assets.xcassets in Resources */,
			);
			runOnlyForDeploymentPostprocessing = 0;
		};
/* End PBXResourcesBuildPhase section */

/* Begin PBXSourcesBuildPhase section */
		770767912A3711A20046FDFF /* Sources */ = {
			isa = PBXSourcesBuildPhase;
			buildActionMask = 2147483647;
			files = (
				770767992A3711A20046FDFF /* AppDelegate.swift in Sources */,
				7707679B2A3711A20046FDFF /* SceneDelegate.swift in Sources */,
				7707679D2A3711A20046FDFF /* ContentView.swift in Sources */,
			);
			runOnlyForDeploymentPostprocessing = 0;
		};
/* End PBXSourcesBuildPhase section */

/* Begin PBXVariantGroup section */
		770767A32A3711A40046FDFF /* LaunchScreen.storyboard */ = {
			isa = PBXVariantGroup;
			children = (
				770767A42A3711A40046FDFF /* Base */,
			);
			name = LaunchScreen.storyboard;
			sourceTree = "<group>";
		};
/* End PBXVariantGroup section */

/* Begin XCBuildConfiguration section */
		770767A72A3711A40046FDFF /* Debug */ = {
			isa = XCBuildConfiguration;
			buildSettings = {
				ALWAYS_SEARCH_USER_PATHS = NO;
				CLANG_ANALYZER_NONNULL = YES;
				CLANG_ANALYZER_NUMBER_OBJECT_CONVERSION = YES_AGGRESSIVE;
				CLANG_CXX_LANGUAGE_STANDARD = "gnu++14";
				CLANG_CXX_LIBRARY = "libc++";
				CLANG_ENABLE_MODULES = YES;
				CLANG_ENABLE_OBJC_ARC = YES;
				CLANG_ENABLE_OBJC_WEAK = YES;
				CLANG_WARN_BLOCK_CAPTURE_AUTORELEASING = YES;
				CLANG_WARN_BOOL_CONVERSION = YES;
				CLANG_WARN_COMMA = YES;
				CLANG_WARN_CONSTANT_CONVERSION = YES;
				CLANG_WARN_DEPRECATED_OBJC_IMPLEMENTATIONS = YES;
				CLANG_WARN_DIRECT_OBJC_ISA_USAGE = YES_ERROR;
				CLANG_WARN_DOCUMENTATION_COMMENTS = YES;
				CLANG_WARN_EMPTY_BODY = YES;
				CLANG_WARN_ENUM_CONVERSION = YES;
				CLANG_WARN_INFINITE_RECURSION = YES;
				CLANG_WARN_INT_CONVERSION = YES;
				CLANG_WARN_NON_LITERAL_NULL_CONVERSION = YES;
				CLANG_WARN_OBJC_IMPLICIT_RETAIN_SELF = YES;
				CLANG_WARN_OBJC_LITERAL_CONVERSION = YES;
				CLANG_WARN_OBJC_ROOT_CLASS = YES_ERROR;
				CLANG_WARN_RANGE_LOOP_ANALYSIS = YES;
				CLANG_WARN_STRICT_PROTOTYPES = YES;
				CLANG_WARN_SUSPICIOUS_MOVE = YES;
				CLANG_WARN_UNGUARDED_AVAILABILITY = YES_AGGRESSIVE;
				CLANG_WARN_UNREACHABLE_CODE = YES;
				CLANG_WARN__DUPLICATE_METHOD_MATCH = YES;
				COPY_PHASE_STRIP = NO;
				DEBUG_INFORMATION_FORMAT = dwarf;
				ENABLE_STRICT_OBJC_MSGSEND = YES;
				ENABLE_TESTABILITY = YES;
				GCC_C_LANGUAGE_STANDARD = gnu11;
				GCC_DYNAMIC_NO_PIC = NO;
				GCC_NO_COMMON_BLOCKS = YES;
				GCC_OPTIMIZATION_LEVEL = 0;
				GCC_PREPROCESSOR_DEFINITIONS = (
					"DEBUG=1",
					"$(inherited)",
				);
				GCC_WARN_64_TO_32_BIT_CONVERSION = YES;
				GCC_WARN_ABOUT_RETURN_TYPE = YES_ERROR;
				GCC_WARN_UNDECLARED_SELECTOR = YES;
				GCC_WARN_UNINITIALIZED_AUTOS = YES_AGGRESSIVE;
				GCC_WARN_UNUSED_FUNCTION = YES;
				GCC_WARN_UNUSED_VARIABLE = YES;
				IPHONEOS_DEPLOYMENT_TARGET = 13.0;
				MTL_ENABLE_DEBUG_INFO = INCLUDE_SOURCE;
				MTL_FAST_MATH = YES;
				ONLY_ACTIVE_ARCH = YES;
				SDKROOT = iphoneos;
				SWIFT_ACTIVE_COMPILATION_CONDITIONS = DEBUG;
				SWIFT_OPTIMIZATION_LEVEL = "-Onone";
			};
			name = Debug;
		};
		770767A82A3711A40046FDFF /* Release */ = {
			isa = XCBuildConfiguration;
			buildSettings = {
				ALWAYS_SEARCH_USER_PATHS = NO;
				CLANG_ANALYZER_NONNULL = YES;
				CLANG_ANALYZER_NUMBER_OBJECT_CONVERSION = YES_AGGRESSIVE;
				CLANG_CXX_LANGUAGE_STANDARD = "gnu++14";
				CLANG_CXX_LIBRARY = "libc++";
				CLANG_ENABLE_MODULES = YES;
				CLANG_ENABLE_OBJC_ARC = YES;
				CLANG_ENABLE_OBJC_WEAK = YES;
				CLANG_WARN_BLOCK_CAPTURE_AUTORELEASING = YES;
				CLANG_WARN_BOOL_CONVERSION = YES;
				CLANG_WARN_COMMA = YES;
				CLANG_WARN_CONSTANT_CONVERSION = YES;
				CLANG_WARN_DEPRECATED_OBJC_IMPLEMENTATIONS = YES;
				CLANG_WARN_DIRECT_OBJC_ISA_USAGE = YES_ERROR;
				CLANG_WARN_DOCUMENTATION_COMMENTS = YES;
				CLANG_WARN_EMPTY_BODY = YES;
				CLANG_WARN_ENUM_CONVERSION = YES;
				CLANG_WARN_INFINITE_RECURSION = YES;
				CLANG_WARN_INT_CONVERSION = YES;
				CLANG_WARN_NON_LITERAL_NULL_CONVERSION = YES;
				CLANG_WARN_OBJC_IMPLICIT_RETAIN_SELF = YES;
				CLANG_WARN_OBJC_LITERAL_CONVERSION = YES;
				CLANG_WARN_OBJC_ROOT_CLASS = YES_ERROR;
				CLANG_WARN_RANGE_LOOP_ANALYSIS = YES;
				CLANG_WARN_STRICT_PROTOTYPES = YES;
				CLANG_WARN_SUSPICIOUS_MOVE = YES;
				CLANG_WARN_UNGUARDED_AVAILABILITY = YES_AGGRESSIVE;
				CLANG_WARN_UNREACHABLE_CODE = YES;
				CLANG_WARN__DUPLICATE_METHOD_MATCH = YES;
				COPY_PHASE_STRIP = NO;
				DEBUG_INFORMATION_FORMAT = "dwarf-with-dsym";
				ENABLE_NS_ASSERTIONS = NO;
				ENABLE_STRICT_OBJC_MSGSEND = YES;
				GCC_C_LANGUAGE_STANDARD = gnu11;
				GCC_NO_COMMON_BLOCKS = YES;
				GCC_WARN_64_TO_32_BIT_CONVERSION = YES;
				GCC_WARN_ABOUT_RETURN_TYPE = YES_ERROR;
				GCC_WARN_UNDECLARED_SELECTOR = YES;
				GCC_WARN_UNINITIALIZED_AUTOS = YES_AGGRESSIVE;
				GCC_WARN_UNUSED_FUNCTION = YES;
				GCC_WARN_UNUSED_VARIABLE = YES;
				IPHONEOS_DEPLOYMENT_TARGET = 13.0;
				MTL_ENABLE_DEBUG_INFO = NO;
				MTL_FAST_MATH = YES;
				SDKROOT = iphoneos;
				SWIFT_COMPILATION_MODE = wholemodule;
				SWIFT_OPTIMIZATION_LEVEL = "-O";
				VALIDATE_PRODUCT = YES;
			};
			name = Release;
		};
		770767AA2A3711A40046FDFF /* Debug */ = {
			isa = XCBuildConfiguration;
			buildSettings = {
				ASSETCATALOG_COMPILER_APPICON_NAME = AppIcon;
				CODE_SIGN_STYLE = Automatic;
				DEVELOPMENT_ASSET_PATHS = "\"land_marks/Preview Content\"";
				DEVELOPMENT_TEAM = Z9BLLN95F7;
				ENABLE_PREVIEWS = YES;
				INFOPLIST_FILE = land_marks/Info.plist;
				LD_RUNPATH_SEARCH_PATHS = (
					"$(inherited)",
					"@executable_path/Frameworks",
				);
				PRODUCT_BUNDLE_IDENTIFIER = "com.tools.land-marks";
				PRODUCT_NAME = "$(TARGET_NAME)";
				SWIFT_VERSION = 5.0;
				TARGETED_DEVICE_FAMILY = "1,2";
			};
			name = Debug;
		};
		770767AB2A3711A40046FDFF /* Release */ = {
			isa = XCBuildConfiguration;
			buildSettings = {
				ASSETCATALOG_COMPILER_APPICON_NAME = AppIcon;
				CODE_SIGN_STYLE = Automatic;
				DEVELOPMENT_ASSET_PATHS = "\"land_marks/Preview Content\"";
				DEVELOPMENT_TEAM = Z9BLLN95F7;
				ENABLE_PREVIEWS = YES;
				INFOPLIST_FILE = land_marks/Info.plist;
				LD_RUNPATH_SEARCH_PATHS = (
					"$(inherited)",
					"@executable_path/Frameworks",
				);
				PRODUCT_BUNDLE_IDENTIFIER = "com.tools.land-marks";
				PRODUCT_NAME = "$(TARGET_NAME)";
				SWIFT_VERSION = 5.0;
				TARGETED_DEVICE_FAMILY = "1,2";
			};
			name = Release;
		};
/* End XCBuildConfiguration section */

/* Begin XCConfigurationList section */
		770767902A3711A20046FDFF /* Build configuration list for PBXProject "land_marks" */ = {
			isa = XCConfigurationList;
			buildConfigurations = (
				770767A72A3711A40046FDFF /* Debug */,
				770767A82A3711A40046FDFF /* Release */,
			);
			defaultConfigurationIsVisible = 0;
			defaultConfigurationName = Release;
		};
		770767A92A3711A40046FDFF /* Build configuration list for PBXNativeTarget "land_marks" */ = {
			isa = XCConfigurationList;
			buildConfigurations = (
				770767AA2A3711A40046FDFF /* Debug */,
				770767AB2A3711A40046FDFF /* Release */,
			);
			defaultConfigurationIsVisible = 0;
			defaultConfigurationName = Release;
		};
/* End XCConfigurationList section */
	};
	rootObject = 7707678D2A3711A20046FDFF /* Project object */;
}
